
Microsoft Visual Studio Solution File, Format Version 12.00
# Visual Studio Version 17
VisualStudioVersion = 17.13.35931.197 d17.13
MinimumVisualStudioVersion = 10.0.40219.1
Project("{FAE04EC0-301F-11D3-BF4B-00C04F79EFBC}") = "ExamCertify.Api", "ExamCertify.Api\ExamCertify.Api.csproj", "{006B1ED7-F7F8-4BFE-8AD0-5BF80B1CD71B}"
EndProject
Project("{FAE04EC0-301F-11D3-BF4B-00C04F79EFBC}") = "ExamCertify.Domain", "ExamCertify.Domain\ExamCertify.Domain.csproj", "{15E7E48B-B357-4FD0-9FE9-5CE13B69B6B2}"
EndProject
Project("{FAE04EC0-301F-11D3-BF4B-00C04F79EFBC}") = "ExamCertify.Application", "ExamCertify.Application\ExamCertify.Application.csproj", "{C9C891C6-826C-4ABB-A398-9D9342255BFD}"
EndProject
Project("{FAE04EC0-301F-11D3-BF4B-00C04F79EFBC}") = "ExamCertify.Infrastructure", "ExamCertify.Infrastructure\ExamCertify.Infrastructure.csproj", "{53BB17CF-D54D-4B23-9703-22D18BE1BF7F}"
EndProject
Global
	GlobalSection(SolutionConfigurationPlatforms) = preSolution
		Debug|Any CPU = Debug|Any CPU
		Release|Any CPU = Release|Any CPU
	EndGlobalSection
	GlobalSection(ProjectConfigurationPlatforms) = postSolution
		{006B1ED7-F7F8-4BFE-8AD0-5BF80B1CD71B}.Debug|Any CPU.ActiveCfg = Debug|Any CPU
		{006B1ED7-F7F8-4BFE-8AD0-5BF80B1CD71B}.Debug|Any CPU.Build.0 = Debug|Any CPU
		{006B1ED7-F7F8-4BFE-8AD0-5BF80B1CD71B}.Release|Any CPU.ActiveCfg = Release|Any CPU
		{006B1ED7-F7F8-4BFE-8AD0-5BF80B1CD71B}.Release|Any CPU.Build.0 = Release|Any CPU
		{15E7E48B-B357-4FD0-9FE9-5CE13B69B6B2}.Debug|Any CPU.ActiveCfg = Debug|Any CPU
		{15E7E48B-B357-4FD0-9FE9-5CE13B69B6B2}.Debug|Any CPU.Build.0 = Debug|Any CPU
		{15E7E48B-B357-4FD0-9FE9-5CE13B69B6B2}.Release|Any CPU.ActiveCfg = Release|Any CPU
		{15E7E48B-B357-4FD0-9FE9-5CE13B69B6B2}.Release|Any CPU.Build.0 = Release|Any CPU
		{C9C891C6-826C-4ABB-A398-9D9342255BFD}.Debug|Any CPU.ActiveCfg = Debug|Any CPU
		{C9C891C6-826C-4ABB-A398-9D9342255BFD}.Debug|Any CPU.Build.0 = Debug|Any CPU
		{C9C891C6-826C-4ABB-A398-9D9342255BFD}.Release|Any CPU.ActiveCfg = Release|Any CPU
		{C9C891C6-826C-4ABB-A398-9D9342255BFD}.Release|Any CPU.Build.0 = Release|Any CPU
		{53BB17CF-D54D-4B23-9703-22D18BE1BF7F}.Debug|Any CPU.ActiveCfg = Debug|Any CPU
		{53BB17CF-D54D-4B23-9703-22D18BE1BF7F}.Debug|Any CPU.Build.0 = Debug|Any CPU
		{53BB17CF-D54D-4B23-9703-22D18BE1BF7F}.Release|Any CPU.ActiveCfg = Release|Any CPU
		{53BB17CF-D54D-4B23-9703-22D18BE1BF7F}.Release|Any CPU.Build.0 = Release|Any CPU
	EndGlobalSection
	GlobalSection(SolutionProperties) = preSolution
		HideSolutionNode = FALSE
	EndGlobalSection
	GlobalSection(ExtensibilityGlobals) = postSolution
		SolutionGuid = {23262AC4-509E-4E08-9D09-26D7C80E2B1C}
	EndGlobalSection
EndGlobal
